
Microsoft Visual Studio Solution File, Format Version 12.00
# Visual Studio Version 17
VisualStudioVersion = 17.9.34728.123
MinimumVisualStudioVersion = 10.0.40219.1
Project("{FAE04EC0-301F-11D3-BF4B-00C04F79EFBC}") = "Shop", "Shop\Shop.csproj", "{35FA2F6F-DA1D-42EE-B87E-CB210C68B0E4}"
EndProject
Global
	GlobalSection(SolutionConfigurationPlatforms) = preSolution
		Debug|Any CPU = Debug|Any CPU
		Release|Any CPU = Release|Any CPU
	EndGlobalSection
	GlobalSection(ProjectConfigurationPlatforms) = postSolution
		{35FA2F6F-DA1D-42EE-B87E-CB210C68B0E4}.Debug|Any CPU.ActiveCfg = Debug|Any CPU
		{35FA2F6F-DA1D-42EE-B87E-CB210C68B0E4}.Debug|Any CPU.Build.0 = Debug|Any CPU
		{35FA2F6F-DA1D-42EE-B87E-CB210C68B0E4}.Release|Any CPU.ActiveCfg = Release|Any CPU
		{35FA2F6F-DA1D-42EE-B87E-CB210C68B0E4}.Release|Any CPU.Build.0 = Release|Any CPU
	EndGlobalSection
	GlobalSection(SolutionProperties) = preSolution
		HideSolutionNode = FALSE
	EndGlobalSection
	GlobalSection(ExtensibilityGlobals) = postSolution
		SolutionGuid = {1502C1BD-B133-4CF5-9D35-3716747A2869}
	EndGlobalSection
EndGlobal
